
Microsoft Visual Studio Solution File, Format Version 12.00
# Visual Studio Version 17
VisualStudioVersion = 17.0.31903.59
MinimumVisualStudioVersion = 10.0.40219.1
Project("{FAE04EC0-301F-11D3-BF4B-00C04F79EFBC}") = "BlogAPI.Domain", "BlogAPI.Domain\BlogAPI.Domain.csproj", "{564CFDF7-0B5C-4736-B684-382D6B180E71}"
EndProject
Project("{FAE04EC0-301F-11D3-BF4B-00C04F79EFBC}") = "BlogAPI.Aplication", "BlogAPI.Aplication\BlogAPI.Aplication.csproj", "{CA5F68B4-1FA1-4257-BFB8-313F14D02FBA}"
EndProject
Project("{FAE04EC0-301F-11D3-BF4B-00C04F79EFBC}") = "BlogAPI.Infrastructure", "BlogAPI.Infrastructure\BlogAPI.Infrastructure.csproj", "{AD4C6C66-D579-4A76-B3AB-4525630E7641}"
EndProject
Project("{FAE04EC0-301F-11D3-BF4B-00C04F79EFBC}") = "BlogAPI.API", "BlogAPI.API\BlogAPI.API.csproj", "{16AEB5E9-D902-43BE-B40D-6FD4B53F7CB5}"
EndProject
Project("{2150E333-8FDC-42A3-9474-1A3956D46DE8}") = "Application", "Application", "{02EA681E-C7D8-13C7-8484-4AC65E1B71E8}"
EndProject
Project("{2150E333-8FDC-42A3-9474-1A3956D46DE8}") = "Domain", "Domain", "{8EED448B-BB80-4188-BC44-6981CC9B5108}"
EndProject
Project("{2150E333-8FDC-42A3-9474-1A3956D46DE8}") = "Infrastructure", "Infrastructure", "{06BFC336-0357-40E5-B1A9-00F4D8558525}"
EndProject
Global
	GlobalSection(SolutionConfigurationPlatforms) = preSolution
		Debug|Any CPU = Debug|Any CPU
		Debug|x64 = Debug|x64
		Debug|x86 = Debug|x86
		Release|Any CPU = Release|Any CPU
		Release|x64 = Release|x64
		Release|x86 = Release|x86
	EndGlobalSection
	GlobalSection(ProjectConfigurationPlatforms) = postSolution
		{564CFDF7-0B5C-4736-B684-382D6B180E71}.Debug|Any CPU.ActiveCfg = Debug|Any CPU
		{564CFDF7-0B5C-4736-B684-382D6B180E71}.Debug|Any CPU.Build.0 = Debug|Any CPU
		{564CFDF7-0B5C-4736-B684-382D6B180E71}.Debug|x64.ActiveCfg = Debug|Any CPU
		{564CFDF7-0B5C-4736-B684-382D6B180E71}.Debug|x64.Build.0 = Debug|Any CPU
		{564CFDF7-0B5C-4736-B684-382D6B180E71}.Debug|x86.ActiveCfg = Debug|Any CPU
		{564CFDF7-0B5C-4736-B684-382D6B180E71}.Debug|x86.Build.0 = Debug|Any CPU
		{564CFDF7-0B5C-4736-B684-382D6B180E71}.Release|Any CPU.ActiveCfg = Release|Any CPU
		{564CFDF7-0B5C-4736-B684-382D6B180E71}.Release|Any CPU.Build.0 = Release|Any CPU
		{564CFDF7-0B5C-4736-B684-382D6B180E71}.Release|x64.ActiveCfg = Release|Any CPU
		{564CFDF7-0B5C-4736-B684-382D6B180E71}.Release|x64.Build.0 = Release|Any CPU
		{564CFDF7-0B5C-4736-B684-382D6B180E71}.Release|x86.ActiveCfg = Release|Any CPU
		{564CFDF7-0B5C-4736-B684-382D6B180E71}.Release|x86.Build.0 = Release|Any CPU
		{CA5F68B4-1FA1-4257-BFB8-313F14D02FBA}.Debug|Any CPU.ActiveCfg = Debug|Any CPU
		{CA5F68B4-1FA1-4257-BFB8-313F14D02FBA}.Debug|Any CPU.Build.0 = Debug|Any CPU
		{CA5F68B4-1FA1-4257-BFB8-313F14D02FBA}.Debug|x64.ActiveCfg = Debug|Any CPU
		{CA5F68B4-1FA1-4257-BFB8-313F14D02FBA}.Debug|x64.Build.0 = Debug|Any CPU
		{CA5F68B4-1FA1-4257-BFB8-313F14D02FBA}.Debug|x86.ActiveCfg = Debug|Any CPU
		{CA5F68B4-1FA1-4257-BFB8-313F14D02FBA}.Debug|x86.Build.0 = Debug|Any CPU
		{CA5F68B4-1FA1-4257-BFB8-313F14D02FBA}.Release|Any CPU.ActiveCfg = Release|Any CPU
		{CA5F68B4-1FA1-4257-BFB8-313F14D02FBA}.Release|Any CPU.Build.0 = Release|Any CPU
		{CA5F68B4-1FA1-4257-BFB8-313F14D02FBA}.Release|x64.ActiveCfg = Release|Any CPU
		{CA5F68B4-1FA1-4257-BFB8-313F14D02FBA}.Release|x64.Build.0 = Release|Any CPU
		{CA5F68B4-1FA1-4257-BFB8-313F14D02FBA}.Release|x86.ActiveCfg = Release|Any CPU
		{CA5F68B4-1FA1-4257-BFB8-313F14D02FBA}.Release|x86.Build.0 = Release|Any CPU
		{AD4C6C66-D579-4A76-B3AB-4525630E7641}.Debug|Any CPU.ActiveCfg = Debug|Any CPU
		{AD4C6C66-D579-4A76-B3AB-4525630E7641}.Debug|Any CPU.Build.0 = Debug|Any CPU
		{AD4C6C66-D579-4A76-B3AB-4525630E7641}.Debug|x64.ActiveCfg = Debug|Any CPU
		{AD4C6C66-D579-4A76-B3AB-4525630E7641}.Debug|x64.Build.0 = Debug|Any CPU
		{AD4C6C66-D579-4A76-B3AB-4525630E7641}.Debug|x86.ActiveCfg = Debug|Any CPU
		{AD4C6C66-D579-4A76-B3AB-4525630E7641}.Debug|x86.Build.0 = Debug|Any CPU
		{AD4C6C66-D579-4A76-B3AB-4525630E7641}.Release|Any CPU.ActiveCfg = Release|Any CPU
		{AD4C6C66-D579-4A76-B3AB-4525630E7641}.Release|Any CPU.Build.0 = Release|Any CPU
		{AD4C6C66-D579-4A76-B3AB-4525630E7641}.Release|x64.ActiveCfg = Release|Any CPU
		{AD4C6C66-D579-4A76-B3AB-4525630E7641}.Release|x64.Build.0 = Release|Any CPU
		{AD4C6C66-D579-4A76-B3AB-4525630E7641}.Release|x86.ActiveCfg = Release|Any CPU
		{AD4C6C66-D579-4A76-B3AB-4525630E7641}.Release|x86.Build.0 = Release|Any CPU
		{16AEB5E9-D902-43BE-B40D-6FD4B53F7CB5}.Debug|Any CPU.ActiveCfg = Debug|Any CPU
		{16AEB5E9-D902-43BE-B40D-6FD4B53F7CB5}.Debug|Any CPU.Build.0 = Debug|Any CPU
		{16AEB5E9-D902-43BE-B40D-6FD4B53F7CB5}.Debug|x64.ActiveCfg = Debug|Any CPU
		{16AEB5E9-D902-43BE-B40D-6FD4B53F7CB5}.Debug|x64.Build.0 = Debug|Any CPU
		{16AEB5E9-D902-43BE-B40D-6FD4B53F7CB5}.Debug|x86.ActiveCfg = Debug|Any CPU
		{16AEB5E9-D902-43BE-B40D-6FD4B53F7CB5}.Debug|x86.Build.0 = Debug|Any CPU
		{16AEB5E9-D902-43BE-B40D-6FD4B53F7CB5}.Release|Any CPU.ActiveCfg = Release|Any CPU
		{16AEB5E9-D902-43BE-B40D-6FD4B53F7CB5}.Release|Any CPU.Build.0 = Release|Any CPU
		{16AEB5E9-D902-43BE-B40D-6FD4B53F7CB5}.Release|x64.ActiveCfg = Release|Any CPU
		{16AEB5E9-D902-43BE-B40D-6FD4B53F7CB5}.Release|x64.Build.0 = Release|Any CPU
		{16AEB5E9-D902-43BE-B40D-6FD4B53F7CB5}.Release|x86.ActiveCfg = Release|Any CPU
		{16AEB5E9-D902-43BE-B40D-6FD4B53F7CB5}.Release|x86.Build.0 = Release|Any CPU
	EndGlobalSection
	GlobalSection(SolutionProperties) = preSolution
		HideSolutionNode = FALSE
	EndGlobalSection
	GlobalSection(NestedProjects) = preSolution
		{564CFDF7-0B5C-4736-B684-382D6B180E71} = {8EED448B-BB80-4188-BC44-6981CC9B5108}
		{CA5F68B4-1FA1-4257-BFB8-313F14D02FBA} = {02EA681E-C7D8-13C7-8484-4AC65E1B71E8}
		{AD4C6C66-D579-4A76-B3AB-4525630E7641} = {06BFC336-0357-40E5-B1A9-00F4D8558525}
	EndGlobalSection
	GlobalSection(ExtensibilityGlobals) = postSolution
		SolutionGuid = {480D9C04-30E4-42EC-A7EF-B311F0BE8942}
	EndGlobalSection
EndGlobal
